
Microsoft Visual Studio Solution File, Format Version 12.00
# Visual Studio Version 16
VisualStudioVersion = 25.0.1706.9
MinimumVisualStudioVersion = 10.0.40219.1
Project("{FAE04EC0-301F-11D3-BF4B-00C04F79EFBC}") = "GameDataParser", "GameDataParser\GameDataParser.csproj", "{002CF0C2-C25A-4330-A78E-8038C37F997F}"
EndProject
Global
	GlobalSection(SolutionConfigurationPlatforms) = preSolution
		Debug|Any CPU = Debug|Any CPU
		Release|Any CPU = Release|Any CPU
	EndGlobalSection
	GlobalSection(ProjectConfigurationPlatforms) = postSolution
		{002CF0C2-C25A-4330-A78E-8038C37F997F}.Debug|Any CPU.ActiveCfg = Debug|Any CPU
		{002CF0C2-C25A-4330-A78E-8038C37F997F}.Debug|Any CPU.Build.0 = Debug|Any CPU
		{002CF0C2-C25A-4330-A78E-8038C37F997F}.Release|Any CPU.ActiveCfg = Release|Any CPU
		{002CF0C2-C25A-4330-A78E-8038C37F997F}.Release|Any CPU.Build.0 = Release|Any CPU
	EndGlobalSection
	GlobalSection(SolutionProperties) = preSolution
		HideSolutionNode = FALSE
	EndGlobalSection
	GlobalSection(ExtensibilityGlobals) = postSolution
		SolutionGuid = {39DEE778-B95B-4E01-8DA7-A21BFAFDC6FE}
	EndGlobalSection
EndGlobal
